// !$*UTF8*$!
{
	archiveVersion = 1;
	classes = {
	};
	objectVersion = 50;
	objects = {

/* Begin PBXBuildFile section */
		D77E093725E411050075B25D /* AppDelegate.swift in Sources */ = {isa = PBXBuildFile; fileRef = D77E093625E411050075B25D /* AppDelegate.swift */; };
		D77E093925E411050075B25D /* SceneDelegate.swift in Sources */ = {isa = PBXBuildFile; fileRef = D77E093825E411050075B25D /* SceneDelegate.swift */; };
		D77E093B25E411050075B25D /* MainViewController.swift in Sources */ = {isa = PBXBuildFile; fileRef = D77E093A25E411050075B25D /* MainViewController.swift */; };
		D77E093E25E411050075B25D /* Main.storyboard in Resources */ = {isa = PBXBuildFile; fileRef = D77E093C25E411050075B25D /* Main.storyboard */; };
		D77E094125E411050075B25D /* PorjectFeb22.xcdatamodeld in Sources */ = {isa = PBXBuildFile; fileRef = D77E093F25E411050075B25D /* PorjectFeb22.xcdatamodeld */; };
		D77E094325E411060075B25D /* Assets.xcassets in Resources */ = {isa = PBXBuildFile; fileRef = D77E094225E411060075B25D /* Assets.xcassets */; };
		D77E094625E411060075B25D /* LaunchScreen.storyboard in Resources */ = {isa = PBXBuildFile; fileRef = D77E094425E411060075B25D /* LaunchScreen.storyboard */; };
		D77E095125E411060075B25D /* PorjectFeb22Tests.swift in Sources */ = {isa = PBXBuildFile; fileRef = D77E095025E411060075B25D /* PorjectFeb22Tests.swift */; };
		D77E095C25E411060075B25D /* PorjectFeb22UITests.swift in Sources */ = {isa = PBXBuildFile; fileRef = D77E095B25E411060075B25D /* PorjectFeb22UITests.swift */; };
		D77E096E25E412970075B25D /* SecondViewController.swift in Sources */ = {isa = PBXBuildFile; fileRef = D77E096C25E412970075B25D /* SecondViewController.swift */; };
/* End PBXBuildFile section */

/* Begin PBXContainerItemProxy section */
		D77E094D25E411060075B25D /* PBXContainerItemProxy */ = {
			isa = PBXContainerItemProxy;
			containerPortal = D77E092B25E411050075B25D /* Project object */;
			proxyType = 1;
			remoteGlobalIDString = D77E093225E411050075B25D;
			remoteInfo = PorjectFeb22;
		};
		D77E095825E411060075B25D /* PBXContainerItemProxy */ = {
			isa = PBXContainerItemProxy;
			containerPortal = D77E092B25E411050075B25D /* Project object */;
			proxyType = 1;
			remoteGlobalIDString = D77E093225E411050075B25D;
			remoteInfo = PorjectFeb22;
		};
/* End PBXContainerItemProxy section */

/* Begin PBXFileReference section */
		D77E093325E411050075B25D /* PorjectFeb22.app */ = {isa = PBXFileReference; explicitFileType = wrapper.application; includeInIndex = 0; path = PorjectFeb22.app; sourceTree = BUILT_PRODUCTS_DIR; };
		D77E093625E411050075B25D /* AppDelegate.swift */ = {isa = PBXFileReference; lastKnownFileType = sourcecode.swift; path = AppDelegate.swift; sourceTree = "<group>"; };
		D77E093825E411050075B25D /* SceneDelegate.swift */ = {isa = PBXFileReference; lastKnownFileType = sourcecode.swift; path = SceneDelegate.swift; sourceTree = "<group>"; };
		D77E093A25E411050075B25D /* MainViewController.swift */ = {isa = PBXFileReference; lastKnownFileType = sourcecode.swift; path = MainViewController.swift; sourceTree = "<group>"; };
		D77E093D25E411050075B25D /* Base */ = {isa = PBXFileReference; lastKnownFileType = file.storyboard; name = Base; path = Base.lproj/Main.storyboard; sourceTree = "<group>"; };
		D77E094025E411050075B25D /* PorjectFeb22.xcdatamodel */ = {isa = PBXFileReference; lastKnownFileType = wrapper.xcdatamodel; path = PorjectFeb22.xcdatamodel; sourceTree = "<group>"; };
		D77E094225E411060075B25D /* Assets.xcassets */ = {isa = PBXFileReference; lastKnownFileType = folder.assetcatalog; path = Assets.xcassets; sourceTree = "<group>"; };
		D77E094525E411060075B25D /* Base */ = {isa = PBXFileReference; lastKnownFileType = file.storyboard; name = Base; path = Base.lproj/LaunchScreen.storyboard; sourceTree = "<group>"; };
		D77E094725E411060075B25D /* Info.plist */ = {isa = PBXFileReference; lastKnownFileType = text.plist.xml; path = Info.plist; sourceTree = "<group>"; };
		D77E094C25E411060075B25D /* PorjectFeb22Tests.xctest */ = {isa = PBXFileReference; explicitFileType = wrapper.cfbundle; includeInIndex = 0; path = PorjectFeb22Tests.xctest; sourceTree = BUILT_PRODUCTS_DIR; };
		D77E095025E411060075B25D /* PorjectFeb22Tests.swift */ = {isa = PBXFileReference; lastKnownFileType = sourcecode.swift; path = PorjectFeb22Tests.swift; sourceTree = "<group>"; };
		D77E095225E411060075B25D /* Info.plist */ = {isa = PBXFileReference; lastKnownFileType = text.plist.xml; path = Info.plist; sourceTree = "<group>"; };
		D77E095725E411060075B25D /* PorjectFeb22UITests.xctest */ = {isa = PBXFileReference; explicitFileType = wrapper.cfbundle; includeInIndex = 0; path = PorjectFeb22UITests.xctest; sourceTree = BUILT_PRODUCTS_DIR; };
		D77E095B25E411060075B25D /* PorjectFeb22UITests.swift */ = {isa = PBXFileReference; lastKnownFileType = sourcecode.swift; path = PorjectFeb22UITests.swift; sourceTree = "<group>"; };
		D77E095D25E411060075B25D /* Info.plist */ = {isa = PBXFileReference; lastKnownFileType = text.plist.xml; path = Info.plist; sourceTree = "<group>"; };
		D77E096C25E412970075B25D /* SecondViewController.swift */ = {isa = PBXFileReference; lastKnownFileType = sourcecode.swift; path = SecondViewController.swift; sourceTree = "<group>"; };
/* End PBXFileReference section */

/* Begin PBXFrameworksBuildPhase section */
		D77E093025E411050075B25D /* Frameworks */ = {
			isa = PBXFrameworksBuildPhase;
			buildActionMask = 2147483647;
			files = (
			);
			runOnlyForDeploymentPostprocessing = 0;
		};
		D77E094925E411060075B25D /* Frameworks */ = {
			isa = PBXFrameworksBuildPhase;
			buildActionMask = 2147483647;
			files = (
			);
			runOnlyForDeploymentPostprocessing = 0;
		};
		D77E095425E411060075B25D /* Frameworks */ = {
			isa = PBXFrameworksBuildPhase;
			buildActionMask = 2147483647;
			files = (
			);
			runOnlyForDeploymentPostprocessing = 0;
		};
/* End PBXFrameworksBuildPhase section */

/* Begin PBXGroup section */
		D77E092A25E411050075B25D = {
			isa = PBXGroup;
			children = (
				D77E093525E411050075B25D /* PorjectFeb22 */,
				D77E094F25E411060075B25D /* PorjectFeb22Tests */,
				D77E095A25E411060075B25D /* PorjectFeb22UITests */,
				D77E093425E411050075B25D /* Products */,
			);
			sourceTree = "<group>";
		};
		D77E093425E411050075B25D /* Products */ = {
			isa = PBXGroup;
			children = (
				D77E093325E411050075B25D /* PorjectFeb22.app */,
				D77E094C25E411060075B25D /* PorjectFeb22Tests.xctest */,
				D77E095725E411060075B25D /* PorjectFeb22UITests.xctest */,
			);
			name = Products;
			sourceTree = "<group>";
		};
		D77E093525E411050075B25D /* PorjectFeb22 */ = {
			isa = PBXGroup;
			children = (
				D77E093625E411050075B25D /* AppDelegate.swift */,
				D77E093825E411050075B25D /* SceneDelegate.swift */,
				D77E093A25E411050075B25D /* MainViewController.swift */,
				D77E096C25E412970075B25D /* SecondViewController.swift */,
				D77E093C25E411050075B25D /* Main.storyboard */,
				D77E094225E411060075B25D /* Assets.xcassets */,
				D77E094425E411060075B25D /* LaunchScreen.storyboard */,
				D77E094725E411060075B25D /* Info.plist */,
				D77E093F25E411050075B25D /* PorjectFeb22.xcdatamodeld */,
			);
			path = PorjectFeb22;
			sourceTree = "<group>";
		};
		D77E094F25E411060075B25D /* PorjectFeb22Tests */ = {
			isa = PBXGroup;
			children = (
				D77E095025E411060075B25D /* PorjectFeb22Tests.swift */,
				D77E095225E411060075B25D /* Info.plist */,
			);
			path = PorjectFeb22Tests;
			sourceTree = "<group>";
		};
		D77E095A25E411060075B25D /* PorjectFeb22UITests */ = {
			isa = PBXGroup;
			children = (
				D77E095B25E411060075B25D /* PorjectFeb22UITests.swift */,
				D77E095D25E411060075B25D /* Info.plist */,
			);
			path = PorjectFeb22UITests;
			sourceTree = "<group>";
		};
/* End PBXGroup section */

/* Begin PBXNativeTarget section */
		D77E093225E411050075B25D /* PorjectFeb22 */ = {
			isa = PBXNativeTarget;
			buildConfigurationList = D77E096025E411060075B25D /* Build configuration list for PBXNativeTarget "PorjectFeb22" */;
			buildPhases = (
				D77E092F25E411050075B25D /* Sources */,
				D77E093025E411050075B25D /* Frameworks */,
				D77E093125E411050075B25D /* Resources */,
			);
			buildRules = (
			);
			dependencies = (
			);
			name = PorjectFeb22;
			productName = PorjectFeb22;
			productReference = D77E093325E411050075B25D /* PorjectFeb22.app */;
			productType = "com.apple.product-type.application";
		};
		D77E094B25E411060075B25D /* PorjectFeb22Tests */ = {
			isa = PBXNativeTarget;
			buildConfigurationList = D77E096325E411060075B25D /* Build configuration list for PBXNativeTarget "PorjectFeb22Tests" */;
			buildPhases = (
				D77E094825E411060075B25D /* Sources */,
				D77E094925E411060075B25D /* Frameworks */,
				D77E094A25E411060075B25D /* Resources */,
			);
			buildRules = (
			);
			dependencies = (
				D77E094E25E411060075B25D /* PBXTargetDependency */,
			);
			name = PorjectFeb22Tests;
			productName = PorjectFeb22Tests;
			productReference = D77E094C25E411060075B25D /* PorjectFeb22Tests.xctest */;
			productType = "com.apple.product-type.bundle.unit-test";
		};
		D77E095625E411060075B25D /* PorjectFeb22UITests */ = {
			isa = PBXNativeTarget;
			buildConfigurationList = D77E096625E411060075B25D /* Build configuration list for PBXNativeTarget "PorjectFeb22UITests" */;
			buildPhases = (
				D77E095325E411060075B25D /* Sources */,
				D77E095425E411060075B25D /* Frameworks */,
				D77E095525E411060075B25D /* Resources */,
			);
			buildRules = (
			);
			dependencies = (
				D77E095925E411060075B25D /* PBXTargetDependency */,
			);
			name = PorjectFeb22UITests;
			productName = PorjectFeb22UITests;
			productReference = D77E095725E411060075B25D /* PorjectFeb22UITests.xctest */;
			productType = "com.apple.product-type.bundle.ui-testing";
		};
/* End PBXNativeTarget section */

/* Begin PBXProject section */
		D77E092B25E411050075B25D /* Project object */ = {
			isa = PBXProject;
			attributes = {
				LastSwiftUpdateCheck = 1240;
				LastUpgradeCheck = 1240;
				TargetAttributes = {
					D77E093225E411050075B25D = {
						CreatedOnToolsVersion = 12.4;
					};
					D77E094B25E411060075B25D = {
						CreatedOnToolsVersion = 12.4;
						TestTargetID = D77E093225E411050075B25D;
					};
					D77E095625E411060075B25D = {
						CreatedOnToolsVersion = 12.4;
						TestTargetID = D77E093225E411050075B25D;
					};
				};
			};
			buildConfigurationList = D77E092E25E411050075B25D /* Build configuration list for PBXProject "PorjectFeb22" */;
			compatibilityVersion = "Xcode 9.3";
			developmentRegion = en;
			hasScannedForEncodings = 0;
			knownRegions = (
				en,
				Base,
			);
			mainGroup = D77E092A25E411050075B25D;
			productRefGroup = D77E093425E411050075B25D /* Products */;
			projectDirPath = "";
			projectRoot = "";
			targets = (
				D77E093225E411050075B25D /* PorjectFeb22 */,
				D77E094B25E411060075B25D /* PorjectFeb22Tests */,
				D77E095625E411060075B25D /* PorjectFeb22UITests */,
			);
		};
/* End PBXProject section */

/* Begin PBXResourcesBuildPhase section */
		D77E093125E411050075B25D /* Resources */ = {
			isa = PBXResourcesBuildPhase;
			buildActionMask = 2147483647;
			files = (
				D77E094625E411060075B25D /* LaunchScreen.storyboard in Resources */,
				D77E094325E411060075B25D /* Assets.xcassets in Resources */,
				D77E093E25E411050075B25D /* Main.storyboard in Resources */,
			);
			runOnlyForDeploymentPostprocessing = 0;
		};
		D77E094A25E411060075B25D /* Resources */ = {
			isa = PBXResourcesBuildPhase;
			buildActionMask = 2147483647;
			files = (
			);
			runOnlyForDeploymentPostprocessing = 0;
		};
		D77E095525E411060075B25D /* Resources */ = {
			isa = PBXResourcesBuildPhase;
			buildActionMask = 2147483647;
			files = (
			);
			runOnlyForDeploymentPostprocessing = 0;
		};
/* End PBXResourcesBuildPhase section */

/* Begin PBXSourcesBuildPhase section */
		D77E092F25E411050075B25D /* Sources */ = {
			isa = PBXSourcesBuildPhase;
			buildActionMask = 2147483647;
			files = (
				D77E093B25E411050075B25D /* MainViewController.swift in Sources */,
				D77E094125E411050075B25D /* PorjectFeb22.xcdatamodeld in Sources */,
				D77E093725E411050075B25D /* AppDelegate.swift in Sources */,
				D77E096E25E412970075B25D /* SecondViewController.swift in Sources */,
				D77E093925E411050075B25D /* SceneDelegate.swift in Sources */,
			);
			runOnlyForDeploymentPostprocessing = 0;
		};
		D77E094825E411060075B25D /* Sources */ = {
			isa = PBXSourcesBuildPhase;
			buildActionMask = 2147483647;
			files = (
				D77E095125E411060075B25D /* PorjectFeb22Tests.swift in Sources */,
			);
			runOnlyForDeploymentPostprocessing = 0;
		};
		D77E095325E411060075B25D /* Sources */ = {
			isa = PBXSourcesBuildPhase;
			buildActionMask = 2147483647;
			files = (
				D77E095C25E411060075B25D /* PorjectFeb22UITests.swift in Sources */,
			);
			runOnlyForDeploymentPostprocessing = 0;
		};
/* End PBXSourcesBuildPhase section */

/* Begin PBXTargetDependency section */
		D77E094E25E411060075B25D /* PBXTargetDependency */ = {
			isa = PBXTargetDependency;
			target = D77E093225E411050075B25D /* PorjectFeb22 */;
			targetProxy = D77E094D25E411060075B25D /* PBXContainerItemProxy */;
		};
		D77E095925E411060075B25D /* PBXTargetDependency */ = {
			isa = PBXTargetDependency;
			target = D77E093225E411050075B25D /* PorjectFeb22 */;
			targetProxy = D77E095825E411060075B25D /* PBXContainerItemProxy */;
		};
/* End PBXTargetDependency section */

/* Begin PBXVariantGroup section */
		D77E093C25E411050075B25D /* Main.storyboard */ = {
			isa = PBXVariantGroup;
			children = (
				D77E093D25E411050075B25D /* Base */,
			);
			name = Main.storyboard;
			sourceTree = "<group>";
		};
		D77E094425E411060075B25D /* LaunchScreen.storyboard */ = {
			isa = PBXVariantGroup;
			children = (
				D77E094525E411060075B25D /* Base */,
			);
			name = LaunchScreen.storyboard;
			sourceTree = "<group>";
		};
/* End PBXVariantGroup section */

/* Begin XCBuildConfiguration section */
		D77E095E25E411060075B25D /* Debug */ = {
			isa = XCBuildConfiguration;
			buildSettings = {
				ALWAYS_SEARCH_USER_PATHS = NO;
				CLANG_ANALYZER_NONNULL = YES;
				CLANG_ANALYZER_NUMBER_OBJECT_CONVERSION = YES_AGGRESSIVE;
				CLANG_CXX_LANGUAGE_STANDARD = "gnu++14";
				CLANG_CXX_LIBRARY = "libc++";
				CLANG_ENABLE_MODULES = YES;
				CLANG_ENABLE_OBJC_ARC = YES;
				CLANG_ENABLE_OBJC_WEAK = YES;
				CLANG_WARN_BLOCK_CAPTURE_AUTORELEASING = YES;
				CLANG_WARN_BOOL_CONVERSION = YES;
				CLANG_WARN_COMMA = YES;
				CLANG_WARN_CONSTANT_CONVERSION = YES;
				CLANG_WARN_DEPRECATED_OBJC_IMPLEMENTATIONS = YES;
				CLANG_WARN_DIRECT_OBJC_ISA_USAGE = YES_ERROR;
				CLANG_WARN_DOCUMENTATION_COMMENTS = YES;
				CLANG_WARN_EMPTY_BODY = YES;
				CLANG_WARN_ENUM_CONVERSION = YES;
				CLANG_WARN_INFINITE_RECURSION = YES;
				CLANG_WARN_INT_CONVERSION = YES;
				CLANG_WARN_NON_LITERAL_NULL_CONVERSION = YES;
				CLANG_WARN_OBJC_IMPLICIT_RETAIN_SELF = YES;
				CLANG_WARN_OBJC_LITERAL_CONVERSION = YES;
				CLANG_WARN_OBJC_ROOT_CLASS = YES_ERROR;
				CLANG_WARN_QUOTED_INCLUDE_IN_FRAMEWORK_HEADER = YES;
				CLANG_WARN_RANGE_LOOP_ANALYSIS = YES;
				CLANG_WARN_STRICT_PROTOTYPES = YES;
				CLANG_WARN_SUSPICIOUS_MOVE = YES;
				CLANG_WARN_UNGUARDED_AVAILABILITY = YES_AGGRESSIVE;
				CLANG_WARN_UNREACHABLE_CODE = YES;
				CLANG_WARN__DUPLICATE_METHOD_MATCH = YES;
				COPY_PHASE_STRIP = NO;
				DEBUG_INFORMATION_FORMAT = dwarf;
				ENABLE_STRICT_OBJC_MSGSEND = YES;
				ENABLE_TESTABILITY = YES;
				GCC_C_LANGUAGE_STANDARD = gnu11;
				GCC_DYNAMIC_NO_PIC = NO;
				GCC_NO_COMMON_BLOCKS = YES;
				GCC_OPTIMIZATION_LEVEL = 0;
				GCC_PREPROCESSOR_DEFINITIONS = (
					"DEBUG=1",
					"$(inherited)",
				);
				GCC_WARN_64_TO_32_BIT_CONVERSION = YES;
				GCC_WARN_ABOUT_RETURN_TYPE = YES_ERROR;
				GCC_WARN_UNDECLARED_SELECTOR = YES;
				GCC_WARN_UNINITIALIZED_AUTOS = YES_AGGRESSIVE;
				GCC_WARN_UNUSED_FUNCTION = YES;
				GCC_WARN_UNUSED_VARIABLE = YES;
				IPHONEOS_DEPLOYMENT_TARGET = 14.4;
				MTL_ENABLE_DEBUG_INFO = INCLUDE_SOURCE;
				MTL_FAST_MATH = YES;
				ONLY_ACTIVE_ARCH = YES;
				SDKROOT = iphoneos;
				SWIFT_ACTIVE_COMPILATION_CONDITIONS = DEBUG;
				SWIFT_OPTIMIZATION_LEVEL = "-Onone";
			};
			name = Debug;
		};
		D77E095F25E411060075B25D /* Release */ = {
			isa = XCBuildConfiguration;
			buildSettings = {
				ALWAYS_SEARCH_USER_PATHS = NO;
				CLANG_ANALYZER_NONNULL = YES;
				CLANG_ANALYZER_NUMBER_OBJECT_CONVERSION = YES_AGGRESSIVE;
				CLANG_CXX_LANGUAGE_STANDARD = "gnu++14";
				CLANG_CXX_LIBRARY = "libc++";
				CLANG_ENABLE_MODULES = YES;
				CLANG_ENABLE_OBJC_ARC = YES;
				CLANG_ENABLE_OBJC_WEAK = YES;
				CLANG_WARN_BLOCK_CAPTURE_AUTORELEASING = YES;
				CLANG_WARN_BOOL_CONVERSION = YES;
				CLANG_WARN_COMMA = YES;
				CLANG_WARN_CONSTANT_CONVERSION = YES;
				CLANG_WARN_DEPRECATED_OBJC_IMPLEMENTATIONS = YES;
				CLANG_WARN_DIRECT_OBJC_ISA_USAGE = YES_ERROR;
				CLANG_WARN_DOCUMENTATION_COMMENTS = YES;
				CLANG_WARN_EMPTY_BODY = YES;
				CLANG_WARN_ENUM_CONVERSION = YES;
				CLANG_WARN_INFINITE_RECURSION = YES;
				CLANG_WARN_INT_CONVERSION = YES;
				CLANG_WARN_NON_LITERAL_NULL_CONVERSION = YES;
				CLANG_WARN_OBJC_IMPLICIT_RETAIN_SELF = YES;
				CLANG_WARN_OBJC_LITERAL_CONVERSION = YES;
				CLANG_WARN_OBJC_ROOT_CLASS = YES_ERROR;
				CLANG_WARN_QUOTED_INCLUDE_IN_FRAMEWORK_HEADER = YES;
				CLANG_WARN_RANGE_LOOP_ANALYSIS = YES;
				CLANG_WARN_STRICT_PROTOTYPES = YES;
				CLANG_WARN_SUSPICIOUS_MOVE = YES;
				CLANG_WARN_UNGUARDED_AVAILABILITY = YES_AGGRESSIVE;
				CLANG_WARN_UNREACHABLE_CODE = YES;
				CLANG_WARN__DUPLICATE_METHOD_MATCH = YES;
				COPY_PHASE_STRIP = NO;
				DEBUG_INFORMATION_FORMAT = "dwarf-with-dsym";
				ENABLE_NS_ASSERTIONS = NO;
				ENABLE_STRICT_OBJC_MSGSEND = YES;
				GCC_C_LANGUAGE_STANDARD = gnu11;
				GCC_NO_COMMON_BLOCKS = YES;
				GCC_WARN_64_TO_32_BIT_CONVERSION = YES;
				GCC_WARN_ABOUT_RETURN_TYPE = YES_ERROR;
				GCC_WARN_UNDECLARED_SELECTOR = YES;
				GCC_WARN_UNINITIALIZED_AUTOS = YES_AGGRESSIVE;
				GCC_WARN_UNUSED_FUNCTION = YES;
				GCC_WARN_UNUSED_VARIABLE = YES;
				IPHONEOS_DEPLOYMENT_TARGET = 14.4;
				MTL_ENABLE_DEBUG_INFO = NO;
				MTL_FAST_MATH = YES;
				SDKROOT = iphoneos;
				SWIFT_COMPILATION_MODE = wholemodule;
				SWIFT_OPTIMIZATION_LEVEL = "-O";
				VALIDATE_PRODUCT = YES;
			};
			name = Release;
		};
		D77E096125E411060075B25D /* Debug */ = {
			isa = XCBuildConfiguration;
			buildSettings = {
				ASSETCATALOG_COMPILER_APPICON_NAME = AppIcon;
				ASSETCATALOG_COMPILER_GLOBAL_ACCENT_COLOR_NAME = AccentColor;
				CODE_SIGN_STYLE = Automatic;
				DEVELOPMENT_TEAM = YFNP56RMK7;
				INFOPLIST_FILE = PorjectFeb22/Info.plist;
				LD_RUNPATH_SEARCH_PATHS = (
					"$(inherited)",
					"@executable_path/Frameworks",
				);
				PRODUCT_BUNDLE_IDENTIFIER = com.davidupton.PorjectFeb22;
				PRODUCT_NAME = "$(TARGET_NAME)";
				SWIFT_VERSION = 5.0;
				TARGETED_DEVICE_FAMILY = "1,2";
			};
			name = Debug;
		};
		D77E096225E411060075B25D /* Release */ = {
			isa = XCBuildConfiguration;
			buildSettings = {
				ASSETCATALOG_COMPILER_APPICON_NAME = AppIcon;
				ASSETCATALOG_COMPILER_GLOBAL_ACCENT_COLOR_NAME = AccentColor;
				CODE_SIGN_STYLE = Automatic;
				DEVELOPMENT_TEAM = YFNP56RMK7;
				INFOPLIST_FILE = PorjectFeb22/Info.plist;
				LD_RUNPATH_SEARCH_PATHS = (
					"$(inherited)",
					"@executable_path/Frameworks",
				);
				PRODUCT_BUNDLE_IDENTIFIER = com.davidupton.PorjectFeb22;
				PRODUCT_NAME = "$(TARGET_NAME)";
				SWIFT_VERSION = 5.0;
				TARGETED_DEVICE_FAMILY = "1,2";
			};
			name = Release;
		};
		D77E096425E411060075B25D /* Debug */ = {
			isa = XCBuildConfiguration;
			buildSettings = {
				ALWAYS_EMBED_SWIFT_STANDARD_LIBRARIES = YES;
				BUNDLE_LOADER = "$(TEST_HOST)";
				CODE_SIGN_STYLE = Automatic;
				DEVELOPMENT_TEAM = YFNP56RMK7;
				INFOPLIST_FILE = PorjectFeb22Tests/Info.plist;
				IPHONEOS_DEPLOYMENT_TARGET = 14.4;
				LD_RUNPATH_SEARCH_PATHS = (
					"$(inherited)",
					"@executable_path/Frameworks",
					"@loader_path/Frameworks",
				);
				PRODUCT_BUNDLE_IDENTIFIER = com.davidupton.PorjectFeb22Tests;
				PRODUCT_NAME = "$(TARGET_NAME)";
				SWIFT_VERSION = 5.0;
				TARGETED_DEVICE_FAMILY = "1,2";
				TEST_HOST = "$(BUILT_PRODUCTS_DIR)/PorjectFeb22.app/PorjectFeb22";
			};
			name = Debug;
		};
		D77E096525E411060075B25D /* Release */ = {
			isa = XCBuildConfiguration;
			buildSettings = {
				ALWAYS_EMBED_SWIFT_STANDARD_LIBRARIES = YES;
				BUNDLE_LOADER = "$(TEST_HOST)";
				CODE_SIGN_STYLE = Automatic;
				DEVELOPMENT_TEAM = YFNP56RMK7;
				INFOPLIST_FILE = PorjectFeb22Tests/Info.plist;
				IPHONEOS_DEPLOYMENT_TARGET = 14.4;
				LD_RUNPATH_SEARCH_PATHS = (
					"$(inherited)",
					"@executable_path/Frameworks",
					"@loader_path/Frameworks",
				);
				PRODUCT_BUNDLE_IDENTIFIER = com.davidupton.PorjectFeb22Tests;
				PRODUCT_NAME = "$(TARGET_NAME)";
				SWIFT_VERSION = 5.0;
				TARGETED_DEVICE_FAMILY = "1,2";
				TEST_HOST = "$(BUILT_PRODUCTS_DIR)/PorjectFeb22.app/PorjectFeb22";
			};
			name = Release;
		};
		D77E096725E411060075B25D /* Debug */ = {
			isa = XCBuildConfiguration;
			buildSettings = {
				ALWAYS_EMBED_SWIFT_STANDARD_LIBRARIES = YES;
				CODE_SIGN_STYLE = Automatic;
				DEVELOPMENT_TEAM = YFNP56RMK7;
				INFOPLIST_FILE = PorjectFeb22UITests/Info.plist;
				LD_RUNPATH_SEARCH_PATHS = (
					"$(inherited)",
					"@executable_path/Frameworks",
					"@loader_path/Frameworks",
				);
				PRODUCT_BUNDLE_IDENTIFIER = com.davidupton.PorjectFeb22UITests;
				PRODUCT_NAME = "$(TARGET_NAME)";
				SWIFT_VERSION = 5.0;
				TARGETED_DEVICE_FAMILY = "1,2";
				TEST_TARGET_NAME = PorjectFeb22;
			};
			name = Debug;
		};
		D77E096825E411060075B25D /* Release */ = {
			isa = XCBuildConfiguration;
			buildSettings = {
				ALWAYS_EMBED_SWIFT_STANDARD_LIBRARIES = YES;
				CODE_SIGN_STYLE = Automatic;
				DEVELOPMENT_TEAM = YFNP56RMK7;
				INFOPLIST_FILE = PorjectFeb22UITests/Info.plist;
				LD_RUNPATH_SEARCH_PATHS = (
					"$(inherited)",
					"@executable_path/Frameworks",
					"@loader_path/Frameworks",
				);
				PRODUCT_BUNDLE_IDENTIFIER = com.davidupton.PorjectFeb22UITests;
				PRODUCT_NAME = "$(TARGET_NAME)";
				SWIFT_VERSION = 5.0;
				TARGETED_DEVICE_FAMILY = "1,2";
				TEST_TARGET_NAME = PorjectFeb22;
			};
			name = Release;
		};
/* End XCBuildConfiguration section */

/* Begin XCConfigurationList section */
		D77E092E25E411050075B25D /* Build configuration list for PBXProject "PorjectFeb22" */ = {
			isa = XCConfigurationList;
			buildConfigurations = (
				D77E095E25E411060075B25D /* Debug */,
				D77E095F25E411060075B25D /* Release */,
			);
			defaultConfigurationIsVisible = 0;
			defaultConfigurationName = Release;
		};
		D77E096025E411060075B25D /* Build configuration list for PBXNativeTarget "PorjectFeb22" */ = {
			isa = XCConfigurationList;
			buildConfigurations = (
				D77E096125E411060075B25D /* Debug */,
				D77E096225E411060075B25D /* Release */,
			);
			defaultConfigurationIsVisible = 0;
			defaultConfigurationName = Release;
		};
		D77E096325E411060075B25D /* Build configuration list for PBXNativeTarget "PorjectFeb22Tests" */ = {
			isa = XCConfigurationList;
			buildConfigurations = (
				D77E096425E411060075B25D /* Debug */,
				D77E096525E411060075B25D /* Release */,
			);
			defaultConfigurationIsVisible = 0;
			defaultConfigurationName = Release;
		};
		D77E096625E411060075B25D /* Build configuration list for PBXNativeTarget "PorjectFeb22UITests" */ = {
			isa = XCConfigurationList;
			buildConfigurations = (
				D77E096725E411060075B25D /* Debug */,
				D77E096825E411060075B25D /* Release */,
			);
			defaultConfigurationIsVisible = 0;
			defaultConfigurationName = Release;
		};
/* End XCConfigurationList section */

/* Begin XCVersionGroup section */
		D77E093F25E411050075B25D /* PorjectFeb22.xcdatamodeld */ = {
			isa = XCVersionGroup;
			children = (
				D77E094025E411050075B25D /* PorjectFeb22.xcdatamodel */,
			);
			currentVersion = D77E094025E411050075B25D /* PorjectFeb22.xcdatamodel */;
			path = PorjectFeb22.xcdatamodeld;
			sourceTree = "<group>";
			versionGroupType = wrapper.xcdatamodel;
		};
/* End XCVersionGroup section */
	};
	rootObject = D77E092B25E411050075B25D /* Project object */;
}
